// !$*UTF8*$!
{
	archiveVersion = 1;
	classes = {
	};
	objectVersion = 46;
	objects = {

/* Begin PBXBuildFile section */
		3BC2D5D01B6D63B7005190CB /* AppDelegate.swift in Sources */ = {isa = PBXBuildFile; fileRef = 3BC2D5CF1B6D63B7005190CB /* AppDelegate.swift */; };
		3BC2D5D21B6D63B7005190CB /* ViewController.swift in Sources */ = {isa = PBXBuildFile; fileRef = 3BC2D5D11B6D63B7005190CB /* ViewController.swift */; };
		3BC2D5D51B6D63B7005190CB /* Main.storyboard in Resources */ = {isa = PBXBuildFile; fileRef = 3BC2D5D31B6D63B7005190CB /* Main.storyboard */; };
		3BC2D5D71B6D63B7005190CB /* Images.xcassets in Resources */ = {isa = PBXBuildFile; fileRef = 3BC2D5D61B6D63B7005190CB /* Images.xcassets */; };
		3BC2D5DA1B6D63B7005190CB /* LaunchScreen.xib in Resources */ = {isa = PBXBuildFile; fileRef = 3BC2D5D81B6D63B7005190CB /* LaunchScreen.xib */; };
		3BC2D5E61B6D63B7005190CB /* Cat_YearsTests.swift in Sources */ = {isa = PBXBuildFile; fileRef = 3BC2D5E51B6D63B7005190CB /* Cat_YearsTests.swift */; };
		3BC2D5F01B6D6963005190CB /* twokittens.jpg in Resources */ = {isa = PBXBuildFile; fileRef = 3BC2D5EF1B6D6963005190CB /* twokittens.jpg */; };
/* End PBXBuildFile section */

/* Begin PBXContainerItemProxy section */
		3BC2D5E01B6D63B7005190CB /* PBXContainerItemProxy */ = {
			isa = PBXContainerItemProxy;
			containerPortal = 3BC2D5C21B6D63B7005190CB /* Project object */;
			proxyType = 1;
			remoteGlobalIDString = 3BC2D5C91B6D63B7005190CB;
			remoteInfo = "Cat Years";
		};
/* End PBXContainerItemProxy section */

/* Begin PBXFileReference section */
		3BC2D5CA1B6D63B7005190CB /* Cat Years.app */ = {isa = PBXFileReference; explicitFileType = wrapper.application; includeInIndex = 0; path = "Cat Years.app"; sourceTree = BUILT_PRODUCTS_DIR; };
		3BC2D5CE1B6D63B7005190CB /* Info.plist */ = {isa = PBXFileReference; lastKnownFileType = text.plist.xml; path = Info.plist; sourceTree = "<group>"; };
		3BC2D5CF1B6D63B7005190CB /* AppDelegate.swift */ = {isa = PBXFileReference; lastKnownFileType = sourcecode.swift; path = AppDelegate.swift; sourceTree = "<group>"; };
		3BC2D5D11B6D63B7005190CB /* ViewController.swift */ = {isa = PBXFileReference; lastKnownFileType = sourcecode.swift; path = ViewController.swift; sourceTree = "<group>"; };
		3BC2D5D41B6D63B7005190CB /* Base */ = {isa = PBXFileReference; lastKnownFileType = file.storyboard; name = Base; path = Base.lproj/Main.storyboard; sourceTree = "<group>"; };
		3BC2D5D61B6D63B7005190CB /* Images.xcassets */ = {isa = PBXFileReference; lastKnownFileType = folder.assetcatalog; path = Images.xcassets; sourceTree = "<group>"; };
		3BC2D5D91B6D63B7005190CB /* Base */ = {isa = PBXFileReference; lastKnownFileType = file.xib; name = Base; path = Base.lproj/LaunchScreen.xib; sourceTree = "<group>"; };
		3BC2D5DF1B6D63B7005190CB /* Cat YearsTests.xctest */ = {isa = PBXFileReference; explicitFileType = wrapper.cfbundle; includeInIndex = 0; path = "Cat YearsTests.xctest"; sourceTree = BUILT_PRODUCTS_DIR; };
		3BC2D5E41B6D63B7005190CB /* Info.plist */ = {isa = PBXFileReference; lastKnownFileType = text.plist.xml; path = Info.plist; sourceTree = "<group>"; };
		3BC2D5E51B6D63B7005190CB /* Cat_YearsTests.swift */ = {isa = PBXFileReference; lastKnownFileType = sourcecode.swift; path = Cat_YearsTests.swift; sourceTree = "<group>"; };
		3BC2D5EF1B6D6963005190CB /* twokittens.jpg */ = {isa = PBXFileReference; lastKnownFileType = image.jpeg; path = twokittens.jpg; sourceTree = "<group>"; };
/* End PBXFileReference section */

/* Begin PBXFrameworksBuildPhase section */
		3BC2D5C71B6D63B7005190CB /* Frameworks */ = {
			isa = PBXFrameworksBuildPhase;
			buildActionMask = 2147483647;
			files = (
			);
			runOnlyForDeploymentPostprocessing = 0;
		};
		3BC2D5DC1B6D63B7005190CB /* Frameworks */ = {
			isa = PBXFrameworksBuildPhase;
			buildActionMask = 2147483647;
			files = (
			);
			runOnlyForDeploymentPostprocessing = 0;
		};
/* End PBXFrameworksBuildPhase section */

/* Begin PBXGroup section */
		3BC2D5C11B6D63B7005190CB = {
			isa = PBXGroup;
			children = (
				3BC2D5CC1B6D63B7005190CB /* Cat Years */,
				3BC2D5E21B6D63B7005190CB /* Cat YearsTests */,
				3BC2D5CB1B6D63B7005190CB /* Products */,
			);
			sourceTree = "<group>";
		};
		3BC2D5CB1B6D63B7005190CB /* Products */ = {
			isa = PBXGroup;
			children = (
				3BC2D5CA1B6D63B7005190CB /* Cat Years.app */,
				3BC2D5DF1B6D63B7005190CB /* Cat YearsTests.xctest */,
			);
			name = Products;
			sourceTree = "<group>";
		};
		3BC2D5CC1B6D63B7005190CB /* Cat Years */ = {
			isa = PBXGroup;
			children = (
				3BC2D5CF1B6D63B7005190CB /* AppDelegate.swift */,
				3BC2D5D11B6D63B7005190CB /* ViewController.swift */,
				3BC2D5D31B6D63B7005190CB /* Main.storyboard */,
				3BC2D5D61B6D63B7005190CB /* Images.xcassets */,
				3BC2D5EF1B6D6963005190CB /* twokittens.jpg */,
				3BC2D5D81B6D63B7005190CB /* LaunchScreen.xib */,
				3BC2D5CD1B6D63B7005190CB /* Supporting Files */,
			);
			path = "Cat Years";
			sourceTree = "<group>";
		};
		3BC2D5CD1B6D63B7005190CB /* Supporting Files */ = {
			isa = PBXGroup;
			children = (
				3BC2D5CE1B6D63B7005190CB /* Info.plist */,
			);
			name = "Supporting Files";
			sourceTree = "<group>";
		};
		3BC2D5E21B6D63B7005190CB /* Cat YearsTests */ = {
			isa = PBXGroup;
			children = (
				3BC2D5E51B6D63B7005190CB /* Cat_YearsTests.swift */,
				3BC2D5E31B6D63B7005190CB /* Supporting Files */,
			);
			path = "Cat YearsTests";
			sourceTree = "<group>";
		};
		3BC2D5E31B6D63B7005190CB /* Supporting Files */ = {
			isa = PBXGroup;
			children = (
				3BC2D5E41B6D63B7005190CB /* Info.plist */,
			);
			name = "Supporting Files";
			sourceTree = "<group>";
		};
/* End PBXGroup section */

/* Begin PBXNativeTarget section */
		3BC2D5C91B6D63B7005190CB /* Cat Years */ = {
			isa = PBXNativeTarget;
			buildConfigurationList = 3BC2D5E91B6D63B7005190CB /* Build configuration list for PBXNativeTarget "Cat Years" */;
			buildPhases = (
				3BC2D5C61B6D63B7005190CB /* Sources */,
				3BC2D5C71B6D63B7005190CB /* Frameworks */,
				3BC2D5C81B6D63B7005190CB /* Resources */,
			);
			buildRules = (
			);
			dependencies = (
			);
			name = "Cat Years";
			productName = "Cat Years";
			productReference = 3BC2D5CA1B6D63B7005190CB /* Cat Years.app */;
			productType = "com.apple.product-type.application";
		};
		3BC2D5DE1B6D63B7005190CB /* Cat YearsTests */ = {
			isa = PBXNativeTarget;
			buildConfigurationList = 3BC2D5EC1B6D63B7005190CB /* Build configuration list for PBXNativeTarget "Cat YearsTests" */;
			buildPhases = (
				3BC2D5DB1B6D63B7005190CB /* Sources */,
				3BC2D5DC1B6D63B7005190CB /* Frameworks */,
				3BC2D5DD1B6D63B7005190CB /* Resources */,
			);
			buildRules = (
			);
			dependencies = (
				3BC2D5E11B6D63B7005190CB /* PBXTargetDependency */,
			);
			name = "Cat YearsTests";
			productName = "Cat YearsTests";
			productReference = 3BC2D5DF1B6D63B7005190CB /* Cat YearsTests.xctest */;
			productType = "com.apple.product-type.bundle.unit-test";
		};
/* End PBXNativeTarget section */

/* Begin PBXProject section */
		3BC2D5C21B6D63B7005190CB /* Project object */ = {
			isa = PBXProject;
			attributes = {
				LastUpgradeCheck = 0640;
				ORGANIZATIONNAME = "Kim Pham";
				TargetAttributes = {
					3BC2D5C91B6D63B7005190CB = {
						CreatedOnToolsVersion = 6.4;
					};
					3BC2D5DE1B6D63B7005190CB = {
						CreatedOnToolsVersion = 6.4;
						TestTargetID = 3BC2D5C91B6D63B7005190CB;
					};
				};
			};
			buildConfigurationList = 3BC2D5C51B6D63B7005190CB /* Build configuration list for PBXProject "Cat Years" */;
			compatibilityVersion = "Xcode 3.2";
			developmentRegion = English;
			hasScannedForEncodings = 0;
			knownRegions = (
				en,
				Base,
			);
			mainGroup = 3BC2D5C11B6D63B7005190CB;
			productRefGroup = 3BC2D5CB1B6D63B7005190CB /* Products */;
			projectDirPath = "";
			projectRoot = "";
			targets = (
				3BC2D5C91B6D63B7005190CB /* Cat Years */,
				3BC2D5DE1B6D63B7005190CB /* Cat YearsTests */,
			);
		};
/* End PBXProject section */

/* Begin PBXResourcesBuildPhase section */
		3BC2D5C81B6D63B7005190CB /* Resources */ = {
			isa = PBXResourcesBuildPhase;
			buildActionMask = 2147483647;
			files = (
				3BC2D5D51B6D63B7005190CB /* Main.storyboard in Resources */,
				3BC2D5F01B6D6963005190CB /* twokittens.jpg in Resources */,
				3BC2D5DA1B6D63B7005190CB /* LaunchScreen.xib in Resources */,
				3BC2D5D71B6D63B7005190CB /* Images.xcassets in Resources */,
			);
			runOnlyForDeploymentPostprocessing = 0;
		};
		3BC2D5DD1B6D63B7005190CB /* Resources */ = {
			isa = PBXResourcesBuildPhase;
			buildActionMask = 2147483647;
			files = (
			);
			runOnlyForDeploymentPostprocessing = 0;
		};
/* End PBXResourcesBuildPhase section */

/* Begin PBXSourcesBuildPhase section */
		3BC2D5C61B6D63B7005190CB /* Sources */ = {
			isa = PBXSourcesBuildPhase;
			buildActionMask = 2147483647;
			files = (
				3BC2D5D21B6D63B7005190CB /* ViewController.swift in Sources */,
				3BC2D5D01B6D63B7005190CB /* AppDelegate.swift in Sources */,
			);
			runOnlyForDeploymentPostprocessing = 0;
		};
		3BC2D5DB1B6D63B7005190CB /* Sources */ = {
			isa = PBXSourcesBuildPhase;
			buildActionMask = 2147483647;
			files = (
				3BC2D5E61B6D63B7005190CB /* Cat_YearsTests.swift in Sources */,
			);
			runOnlyForDeploymentPostprocessing = 0;
		};
/* End PBXSourcesBuildPhase section */

/* Begin PBXTargetDependency section */
		3BC2D5E11B6D63B7005190CB /* PBXTargetDependency */ = {
			isa = PBXTargetDependency;
			target = 3BC2D5C91B6D63B7005190CB /* Cat Years */;
			targetProxy = 3BC2D5E01B6D63B7005190CB /* PBXContainerItemProxy */;
		};
/* End PBXTargetDependency section */

/* Begin PBXVariantGroup section */
		3BC2D5D31B6D63B7005190CB /* Main.storyboard */ = {
			isa = PBXVariantGroup;
			children = (
				3BC2D5D41B6D63B7005190CB /* Base */,
			);
			name = Main.storyboard;
			sourceTree = "<group>";
		};
		3BC2D5D81B6D63B7005190CB /* LaunchScreen.xib */ = {
			isa = PBXVariantGroup;
			children = (
				3BC2D5D91B6D63B7005190CB /* Base */,
			);
			name = LaunchScreen.xib;
			sourceTree = "<group>";
		};
/* End PBXVariantGroup section */

/* Begin XCBuildConfiguration section */
		3BC2D5E71B6D63B7005190CB /* Debug */ = {
			isa = XCBuildConfiguration;
			buildSettings = {
				ALWAYS_SEARCH_USER_PATHS = NO;
				CLANG_CXX_LANGUAGE_STANDARD = "gnu++0x";
				CLANG_CXX_LIBRARY = "libc++";
				CLANG_ENABLE_MODULES = YES;
				CLANG_ENABLE_OBJC_ARC = YES;
				CLANG_WARN_BOOL_CONVERSION = YES;
				CLANG_WARN_CONSTANT_CONVERSION = YES;
				CLANG_WARN_DIRECT_OBJC_ISA_USAGE = YES_ERROR;
				CLANG_WARN_EMPTY_BODY = YES;
				CLANG_WARN_ENUM_CONVERSION = YES;
				CLANG_WARN_INT_CONVERSION = YES;
				CLANG_WARN_OBJC_ROOT_CLASS = YES_ERROR;
				CLANG_WARN_UNREACHABLE_CODE = YES;
				CLANG_WARN__DUPLICATE_METHOD_MATCH = YES;
				"CODE_SIGN_IDENTITY[sdk=iphoneos*]" = "iPhone Developer";
				COPY_PHASE_STRIP = NO;
				DEBUG_INFORMATION_FORMAT = "dwarf-with-dsym";
				ENABLE_STRICT_OBJC_MSGSEND = YES;
				GCC_C_LANGUAGE_STANDARD = gnu99;
				GCC_DYNAMIC_NO_PIC = NO;
				GCC_NO_COMMON_BLOCKS = YES;
				GCC_OPTIMIZATION_LEVEL = 0;
				GCC_PREPROCESSOR_DEFINITIONS = (
					"DEBUG=1",
					"$(inherited)",
				);
				GCC_SYMBOLS_PRIVATE_EXTERN = NO;
				GCC_WARN_64_TO_32_BIT_CONVERSION = YES;
				GCC_WARN_ABOUT_RETURN_TYPE = YES_ERROR;
				GCC_WARN_UNDECLARED_SELECTOR = YES;
				GCC_WARN_UNINITIALIZED_AUTOS = YES_AGGRESSIVE;
				GCC_WARN_UNUSED_FUNCTION = YES;
				GCC_WARN_UNUSED_VARIABLE = YES;
				IPHONEOS_DEPLOYMENT_TARGET = 8.4;
				MTL_ENABLE_DEBUG_INFO = YES;
				ONLY_ACTIVE_ARCH = YES;
				SDKROOT = iphoneos;
				SWIFT_OPTIMIZATION_LEVEL = "-Onone";
			};
			name = Debug;
		};
		3BC2D5E81B6D63B7005190CB /* Release */ = {
			isa = XCBuildConfiguration;
			buildSettings = {
				ALWAYS_SEARCH_USER_PATHS = NO;
				CLANG_CXX_LANGUAGE_STANDARD = "gnu++0x";
				CLANG_CXX_LIBRARY = "libc++";
				CLANG_ENABLE_MODULES = YES;
				CLANG_ENABLE_OBJC_ARC = YES;
				CLANG_WARN_BOOL_CONVERSION = YES;
				CLANG_WARN_CONSTANT_CONVERSION = YES;
				CLANG_WARN_DIRECT_OBJC_ISA_USAGE = YES_ERROR;
				CLANG_WARN_EMPTY_BODY = YES;
				CLANG_WARN_ENUM_CONVERSION = YES;
				CLANG_WARN_INT_CONVERSION = YES;
				CLANG_WARN_OBJC_ROOT_CLASS = YES_ERROR;
				CLANG_WARN_UNREACHABLE_CODE = YES;
				CLANG_WARN__DUPLICATE_METHOD_MATCH = YES;
				"CODE_SIGN_IDENTITY[sdk=iphoneos*]" = "iPhone Developer";
				COPY_PHASE_STRIP = NO;
				DEBUG_INFORMATION_FORMAT = "dwarf-with-dsym";
				ENABLE_NS_ASSERTIONS = NO;
				ENABLE_STRICT_OBJC_MSGSEND = YES;
				GCC_C_LANGUAGE_STANDARD = gnu99;
				GCC_NO_COMMON_BLOCKS = YES;
				GCC_WARN_64_TO_32_BIT_CONVERSION = YES;
				GCC_WARN_ABOUT_RETURN_TYPE = YES_ERROR;
				GCC_WARN_UNDECLARED_SELECTOR = YES;
				GCC_WARN_UNINITIALIZED_AUTOS = YES_AGGRESSIVE;
				GCC_WARN_UNUSED_FUNCTION = YES;
				GCC_WARN_UNUSED_VARIABLE = YES;
				IPHONEOS_DEPLOYMENT_TARGET = 8.4;
				MTL_ENABLE_DEBUG_INFO = NO;
				SDKROOT = iphoneos;
				VALIDATE_PRODUCT = YES;
			};
			name = Release;
		};
		3BC2D5EA1B6D63B7005190CB /* Debug */ = {
			isa = XCBuildConfiguration;
			buildSettings = {
				ASSETCATALOG_COMPILER_APPICON_NAME = AppIcon;
				INFOPLIST_FILE = "Cat Years/Info.plist";
				LD_RUNPATH_SEARCH_PATHS = "$(inherited) @executable_path/Frameworks";
				PRODUCT_NAME = "$(TARGET_NAME)";
			};
			name = Debug;
		};
		3BC2D5EB1B6D63B7005190CB /* Release */ = {
			isa = XCBuildConfiguration;
			buildSettings = {
				ASSETCATALOG_COMPILER_APPICON_NAME = AppIcon;
				INFOPLIST_FILE = "Cat Years/Info.plist";
				LD_RUNPATH_SEARCH_PATHS = "$(inherited) @executable_path/Frameworks";
				PRODUCT_NAME = "$(TARGET_NAME)";
			};
			name = Release;
		};
		3BC2D5ED1B6D63B7005190CB /* Debug */ = {
			isa = XCBuildConfiguration;
			buildSettings = {
				BUNDLE_LOADER = "$(TEST_HOST)";
				FRAMEWORK_SEARCH_PATHS = (
					"$(SDKROOT)/Developer/Library/Frameworks",
					"$(inherited)",
				);
				GCC_PREPROCESSOR_DEFINITIONS = (
					"DEBUG=1",
					"$(inherited)",
				);
				INFOPLIST_FILE = "Cat YearsTests/Info.plist";
				LD_RUNPATH_SEARCH_PATHS = "$(inherited) @executable_path/Frameworks @loader_path/Frameworks";
				PRODUCT_NAME = "$(TARGET_NAME)";
				TEST_HOST = "$(BUILT_PRODUCTS_DIR)/Cat Years.app/Cat Years";
			};
			name = Debug;
		};
		3BC2D5EE1B6D63B7005190CB /* Release */ = {
			isa = XCBuildConfiguration;
			buildSettings = {
				BUNDLE_LOADER = "$(TEST_HOST)";
				FRAMEWORK_SEARCH_PATHS = (
					"$(SDKROOT)/Developer/Library/Frameworks",
					"$(inherited)",
				);
				INFOPLIST_FILE = "Cat YearsTests/Info.plist";
				LD_RUNPATH_SEARCH_PATHS = "$(inherited) @executable_path/Frameworks @loader_path/Frameworks";
				PRODUCT_NAME = "$(TARGET_NAME)";
				TEST_HOST = "$(BUILT_PRODUCTS_DIR)/Cat Years.app/Cat Years";
			};
			name = Release;
		};
/* End XCBuildConfiguration section */

/* Begin XCConfigurationList section */
		3BC2D5C51B6D63B7005190CB /* Build configuration list for PBXProject "Cat Years" */ = {
			isa = XCConfigurationList;
			buildConfigurations = (
				3BC2D5E71B6D63B7005190CB /* Debug */,
				3BC2D5E81B6D63B7005190CB /* Release */,
			);
			defaultConfigurationIsVisible = 0;
			defaultConfigurationName = Release;
		};
		3BC2D5E91B6D63B7005190CB /* Build configuration list for PBXNativeTarget "Cat Years" */ = {
			isa = XCConfigurationList;
			buildConfigurations = (
				3BC2D5EA1B6D63B7005190CB /* Debug */,
				3BC2D5EB1B6D63B7005190CB /* Release */,
			);
			defaultConfigurationIsVisible = 0;
		};
		3BC2D5EC1B6D63B7005190CB /* Build configuration list for PBXNativeTarget "Cat YearsTests" */ = {
			isa = XCConfigurationList;
			buildConfigurations = (
				3BC2D5ED1B6D63B7005190CB /* Debug */,
				3BC2D5EE1B6D63B7005190CB /* Release */,
			);
			defaultConfigurationIsVisible = 0;
		};
/* End XCConfigurationList section */
	};
	rootObject = 3BC2D5C21B6D63B7005190CB /* Project object */;
}
